<?xml version="1.0" encoding="utf-8"?>
<Project ToolsVersion="4.0" xmlns="http://schemas.microsoft.com/developer/msbuild/2003">
  <ItemGroup>
    <Filter Include="RoyalDragon">
      <UniqueIdentifier>{0722EA17-73D7-620D-FCCB-5CE468805911}</UniqueIdentifier>
    </Filter>
    <Filter Include="RoyalDragon\Core">
      <UniqueIdentifier>{BFA25CFD-AB9B-7B4F-D4CD-60D4C0255B5B}</UniqueIdentifier>
    </Filter>
  </ItemGroup>
  <ItemGroup>
    <ClInclude Include="src\RoyalDragon.h" />
    <ClInclude Include="src\RoyalDragon\Core\Application.h">
      <Filter>RoyalDragon\Core</Filter>
    </ClInclude>
    <ClInclude Include="src\RoyalDragon\Core\Core.h">
      <Filter>RoyalDragon\Core</Filter>
    </ClInclude>
    <ClInclude Include="src\RoyalDragon\Core\Log.h">
      <Filter>RoyalDragon\Core</Filter>
    </ClInclude>
    <ClInclude Include="src\RoyalDragon\EntryPoint.h">
      <Filter>RoyalDragon</Filter>
    </ClInclude>
  </ItemGroup>
  <ItemGroup>
    <ClCompile Include="src\RoyalDragon\Core\Application.cpp">
      <Filter>RoyalDragon\Core</Filter>
    </ClCompile>
    <ClCompile Include="src\RoyalDragon\Core\Core.cpp">
      <Filter>RoyalDragon\Core</Filter>
    </ClCompile>
    <ClCompile Include="src\RoyalDragon\Core\Log.cpp">
      <Filter>RoyalDragon\Core</Filter>
    </ClCompile>
  </ItemGroup>
</Project>